{
  "name": "edusphere-platform",
  "version": "0.1.0",
  "lockfileVersion": 3,
  "requires": true,
  "packages": {
    "": {
      "name": "edusphere-platform",
      "version": "0.1.0",
      "workspaces": [
        "services/*",
        "apps/*",
        "packages/*"
      ],
      "engines": {
        "node": ">=20"
      }
    },
    "apps/web": {
      "name": "@edusphere/web",
      "version": "0.1.0"
    },
    "node_modules/@edusphere/analytics-service": {
      "resolved": "services/analytics-service",
      "link": true
    },
    "node_modules/@edusphere/api-gateway": {
      "resolved": "services/api-gateway",
      "link": true
    },
    "node_modules/@edusphere/ar-session-service": {
      "resolved": "services/ar-session-service",
      "link": true
    },
    "node_modules/@edusphere/auth-service": {
      "resolved": "services/auth-service",
      "link": true
    },
    "node_modules/@edusphere/content-service": {
      "resolved": "services/content-service",
      "link": true
    },
    "node_modules/@edusphere/gradebook-service": {
      "resolved": "services/gradebook-service",
      "link": true
    },
    "node_modules/@edusphere/plan-builder-service": {
      "resolved": "services/plan-builder-service",
      "link": true
    },
    "node_modules/@edusphere/shared": {
      "resolved": "packages/shared",
      "link": true
    },
    "node_modules/@edusphere/web": {
      "resolved": "apps/web",
      "link": true
    },
    "packages/shared": {
      "name": "@edusphere/shared",
      "version": "0.1.0"
    },
    "services/analytics-service": {
      "name": "@edusphere/analytics-service",
      "version": "0.1.0",
      "dependencies": {
        "@edusphere/shared": "0.1.0"
      }
    },
    "services/api-gateway": {
      "name": "@edusphere/api-gateway",
      "version": "0.1.0",
      "dependencies": {
        "@edusphere/shared": "0.1.0"
      }
    },
    "services/ar-session-service": {
      "name": "@edusphere/ar-session-service",
      "version": "0.1.0",
      "dependencies": {
        "@edusphere/shared": "0.1.0"
      }
    },
    "services/auth-service": {
      "name": "@edusphere/auth-service",
      "version": "0.1.0",
      "dependencies": {
        "@edusphere/shared": "0.1.0"
      }
    },
    "services/content-service": {
      "name": "@edusphere/content-service",
      "version": "0.1.0",
      "dependencies": {
        "@edusphere/shared": "0.1.0"
      }
    },
    "services/gradebook-service": {
      "name": "@edusphere/gradebook-service",
      "version": "0.1.0",
      "dependencies": {
        "@edusphere/shared": "0.1.0"
      }
    },
    "services/plan-builder-service": {
      "name": "@edusphere/plan-builder-service",
      "version": "0.1.0",
      "dependencies": {
        "@edusphere/shared": "0.1.0"
      }
    }
  }
}
